{
  "name": "detach-selected-instances",
  "version": "1.0.0",
  "lockfileVersion": 3,
  "requires": true,
  "packages": {
    "": {
      "name": "detach-selected-instances",
      "version": "1.0.0",
      "devDependencies": {
        "@figma/plugin-typings": "^1.68.0",
        "typescript": "*"
      }
    },
    "node_modules/@figma/plugin-typings": {
      "version": "1.68.0",
      "resolved": "https://registry.npmjs.org/@figma/plugin-typings/-/plugin-typings-1.68.0.tgz",
      "integrity": "sha512-hT+iqf5CRRqKI7NmPdwml+Ld/mG1QM8VcZZURV2AowIy6vC3VQ2iIIT5d7ulDnQU+WzQDvaGaDAw/J5X6tQ2Ww==",
      "dev": true
    },
    "node_modules/typescript": {
      "version": "4.9.5",
      "resolved": "https://registry.npmjs.org/typescript/-/typescript-4.9.5.tgz",
      "integrity": "sha512-1FXk9E2Hm+QzZQ7z+McJiHL4NW1F2EzMu9Nq9i3zAaGqibafqYwCVU6WyWAuyQRRzOlxou8xZSyXLEN8oKj24g==",
      "dev": true,
      "bin": {
        "tsc": "bin/tsc",
        "tsserver": "bin/tsserver"
      },
      "engines": {
        "node": ">=4.2.0"
      }
    }
  }
}
